
Microsoft Visual Studio Solution File, Format Version 12.00
# Visual Studio Version 16
VisualStudioVersion = 16.0.29209.62
MinimumVisualStudioVersion = 10.0.40219.1
Project("{FAE04EC0-301F-11D3-BF4B-00C04F79EFBC}") = "Sample05", "Sample05.csproj", "{FAC85E31-84DF-498A-8122-1B01042DC03C}"
EndProject
Global
	GlobalSection(SolutionConfigurationPlatforms) = preSolution
		Debug|Any CPU = Debug|Any CPU
		Release|Any CPU = Release|Any CPU
	EndGlobalSection
	GlobalSection(ProjectConfigurationPlatforms) = postSolution
		{FAC85E31-84DF-498A-8122-1B01042DC03C}.Debug|Any CPU.ActiveCfg = Debug|Any CPU
		{FAC85E31-84DF-498A-8122-1B01042DC03C}.Debug|Any CPU.Build.0 = Debug|Any CPU
		{FAC85E31-84DF-498A-8122-1B01042DC03C}.Release|Any CPU.ActiveCfg = Release|Any CPU
		{FAC85E31-84DF-498A-8122-1B01042DC03C}.Release|Any CPU.Build.0 = Release|Any CPU
	EndGlobalSection
	GlobalSection(SolutionProperties) = preSolution
		HideSolutionNode = FALSE
	EndGlobalSection
	GlobalSection(ExtensibilityGlobals) = postSolution
		SolutionGuid = {413E9041-6314-4E38-8D24-0339F2A2449D}
	EndGlobalSection
EndGlobal
